// !$*UTF8*$!
{
	archiveVersion = 1;
	classes = {
	};
	objectVersion = 46;
	objects = {

/* Begin PBXBuildFile section */
		D9204E161EC4481D00FC244D /* AppDelegate.swift in Sources */ = {isa = PBXBuildFile; fileRef = D9204E151EC4481D00FC244D /* AppDelegate.swift */; };
		D9204E181EC4481D00FC244D /* ViewController.swift in Sources */ = {isa = PBXBuildFile; fileRef = D9204E171EC4481D00FC244D /* ViewController.swift */; };
		D9204E1B1EC4481D00FC244D /* Main.storyboard in Resources */ = {isa = PBXBuildFile; fileRef = D9204E191EC4481D00FC244D /* Main.storyboard */; };
		D9204E1D1EC4481D00FC244D /* Assets.xcassets in Resources */ = {isa = PBXBuildFile; fileRef = D9204E1C1EC4481D00FC244D /* Assets.xcassets */; };
		D9204E201EC4481D00FC244D /* LaunchScreen.storyboard in Resources */ = {isa = PBXBuildFile; fileRef = D9204E1E1EC4481D00FC244D /* LaunchScreen.storyboard */; };
		D9204E2B1EC4481D00FC244D /* SaveTheKittensTests.swift in Sources */ = {isa = PBXBuildFile; fileRef = D9204E2A1EC4481D00FC244D /* SaveTheKittensTests.swift */; };
		D9204E361EC4481D00FC244D /* SaveTheKittensUITests.swift in Sources */ = {isa = PBXBuildFile; fileRef = D9204E351EC4481D00FC244D /* SaveTheKittensUITests.swift */; };
/* End PBXBuildFile section */

/* Begin PBXContainerItemProxy section */
		D9204E271EC4481D00FC244D /* PBXContainerItemProxy */ = {
			isa = PBXContainerItemProxy;
			containerPortal = D9204E0A1EC4481D00FC244D /* Project object */;
			proxyType = 1;
			remoteGlobalIDString = D9204E111EC4481D00FC244D;
			remoteInfo = SaveTheKittens;
		};
		D9204E321EC4481D00FC244D /* PBXContainerItemProxy */ = {
			isa = PBXContainerItemProxy;
			containerPortal = D9204E0A1EC4481D00FC244D /* Project object */;
			proxyType = 1;
			remoteGlobalIDString = D9204E111EC4481D00FC244D;
			remoteInfo = SaveTheKittens;
		};
/* End PBXContainerItemProxy section */

/* Begin PBXFileReference section */
		D9204E121EC4481D00FC244D /* SaveTheKittens.app */ = {isa = PBXFileReference; explicitFileType = wrapper.application; includeInIndex = 0; path = SaveTheKittens.app; sourceTree = BUILT_PRODUCTS_DIR; };
		D9204E151EC4481D00FC244D /* AppDelegate.swift */ = {isa = PBXFileReference; lastKnownFileType = sourcecode.swift; path = AppDelegate.swift; sourceTree = "<group>"; };
		D9204E171EC4481D00FC244D /* ViewController.swift */ = {isa = PBXFileReference; lastKnownFileType = sourcecode.swift; path = ViewController.swift; sourceTree = "<group>"; };
		D9204E1A1EC4481D00FC244D /* Base */ = {isa = PBXFileReference; lastKnownFileType = file.storyboard; name = Base; path = Base.lproj/Main.storyboard; sourceTree = "<group>"; };
		D9204E1C1EC4481D00FC244D /* Assets.xcassets */ = {isa = PBXFileReference; lastKnownFileType = folder.assetcatalog; path = Assets.xcassets; sourceTree = "<group>"; };
		D9204E1F1EC4481D00FC244D /* Base */ = {isa = PBXFileReference; lastKnownFileType = file.storyboard; name = Base; path = Base.lproj/LaunchScreen.storyboard; sourceTree = "<group>"; };
		D9204E211EC4481D00FC244D /* Info.plist */ = {isa = PBXFileReference; lastKnownFileType = text.plist.xml; path = Info.plist; sourceTree = "<group>"; };
		D9204E261EC4481D00FC244D /* SaveTheKittensTests.xctest */ = {isa = PBXFileReference; explicitFileType = wrapper.cfbundle; includeInIndex = 0; path = SaveTheKittensTests.xctest; sourceTree = BUILT_PRODUCTS_DIR; };
		D9204E2A1EC4481D00FC244D /* SaveTheKittensTests.swift */ = {isa = PBXFileReference; lastKnownFileType = sourcecode.swift; path = SaveTheKittensTests.swift; sourceTree = "<group>"; };
		D9204E2C1EC4481D00FC244D /* Info.plist */ = {isa = PBXFileReference; lastKnownFileType = text.plist.xml; path = Info.plist; sourceTree = "<group>"; };
		D9204E311EC4481D00FC244D /* SaveTheKittensUITests.xctest */ = {isa = PBXFileReference; explicitFileType = wrapper.cfbundle; includeInIndex = 0; path = SaveTheKittensUITests.xctest; sourceTree = BUILT_PRODUCTS_DIR; };
		D9204E351EC4481D00FC244D /* SaveTheKittensUITests.swift */ = {isa = PBXFileReference; lastKnownFileType = sourcecode.swift; path = SaveTheKittensUITests.swift; sourceTree = "<group>"; };
		D9204E371EC4481D00FC244D /* Info.plist */ = {isa = PBXFileReference; lastKnownFileType = text.plist.xml; path = Info.plist; sourceTree = "<group>"; };
/* End PBXFileReference section */

/* Begin PBXFrameworksBuildPhase section */
		D9204E0F1EC4481D00FC244D /* Frameworks */ = {
			isa = PBXFrameworksBuildPhase;
			buildActionMask = 2147483647;
			files = (
			);
			runOnlyForDeploymentPostprocessing = 0;
		};
		D9204E231EC4481D00FC244D /* Frameworks */ = {
			isa = PBXFrameworksBuildPhase;
			buildActionMask = 2147483647;
			files = (
			);
			runOnlyForDeploymentPostprocessing = 0;
		};
		D9204E2E1EC4481D00FC244D /* Frameworks */ = {
			isa = PBXFrameworksBuildPhase;
			buildActionMask = 2147483647;
			files = (
			);
			runOnlyForDeploymentPostprocessing = 0;
		};
/* End PBXFrameworksBuildPhase section */

/* Begin PBXGroup section */
		D9204E091EC4481D00FC244D = {
			isa = PBXGroup;
			children = (
				D9204E141EC4481D00FC244D /* SaveTheKittens */,
				D9204E291EC4481D00FC244D /* SaveTheKittensTests */,
				D9204E341EC4481D00FC244D /* SaveTheKittensUITests */,
				D9204E131EC4481D00FC244D /* Products */,
			);
			sourceTree = "<group>";
		};
		D9204E131EC4481D00FC244D /* Products */ = {
			isa = PBXGroup;
			children = (
				D9204E121EC4481D00FC244D /* SaveTheKittens.app */,
				D9204E261EC4481D00FC244D /* SaveTheKittensTests.xctest */,
				D9204E311EC4481D00FC244D /* SaveTheKittensUITests.xctest */,
			);
			name = Products;
			sourceTree = "<group>";
		};
		D9204E141EC4481D00FC244D /* SaveTheKittens */ = {
			isa = PBXGroup;
			children = (
				D9204E151EC4481D00FC244D /* AppDelegate.swift */,
				D9204E171EC4481D00FC244D /* ViewController.swift */,
				D9204E191EC4481D00FC244D /* Main.storyboard */,
				D9204E1C1EC4481D00FC244D /* Assets.xcassets */,
				D9204E1E1EC4481D00FC244D /* LaunchScreen.storyboard */,
				D9204E211EC4481D00FC244D /* Info.plist */,
			);
			path = SaveTheKittens;
			sourceTree = "<group>";
		};
		D9204E291EC4481D00FC244D /* SaveTheKittensTests */ = {
			isa = PBXGroup;
			children = (
				D9204E2A1EC4481D00FC244D /* SaveTheKittensTests.swift */,
				D9204E2C1EC4481D00FC244D /* Info.plist */,
			);
			path = SaveTheKittensTests;
			sourceTree = "<group>";
		};
		D9204E341EC4481D00FC244D /* SaveTheKittensUITests */ = {
			isa = PBXGroup;
			children = (
				D9204E351EC4481D00FC244D /* SaveTheKittensUITests.swift */,
				D9204E371EC4481D00FC244D /* Info.plist */,
			);
			path = SaveTheKittensUITests;
			sourceTree = "<group>";
		};
/* End PBXGroup section */

/* Begin PBXNativeTarget section */
		D9204E111EC4481D00FC244D /* SaveTheKittens */ = {
			isa = PBXNativeTarget;
			buildConfigurationList = D9204E3A1EC4481D00FC244D /* Build configuration list for PBXNativeTarget "SaveTheKittens" */;
			buildPhases = (
				D9204E0E1EC4481D00FC244D /* Sources */,
				D9204E0F1EC4481D00FC244D /* Frameworks */,
				D9204E101EC4481D00FC244D /* Resources */,
			);
			buildRules = (
			);
			dependencies = (
			);
			name = SaveTheKittens;
			productName = SaveTheKittens;
			productReference = D9204E121EC4481D00FC244D /* SaveTheKittens.app */;
			productType = "com.apple.product-type.application";
		};
		D9204E251EC4481D00FC244D /* SaveTheKittensTests */ = {
			isa = PBXNativeTarget;
			buildConfigurationList = D9204E3D1EC4481D00FC244D /* Build configuration list for PBXNativeTarget "SaveTheKittensTests" */;
			buildPhases = (
				D9204E221EC4481D00FC244D /* Sources */,
				D9204E231EC4481D00FC244D /* Frameworks */,
				D9204E241EC4481D00FC244D /* Resources */,
			);
			buildRules = (
			);
			dependencies = (
				D9204E281EC4481D00FC244D /* PBXTargetDependency */,
			);
			name = SaveTheKittensTests;
			productName = SaveTheKittensTests;
			productReference = D9204E261EC4481D00FC244D /* SaveTheKittensTests.xctest */;
			productType = "com.apple.product-type.bundle.unit-test";
		};
		D9204E301EC4481D00FC244D /* SaveTheKittensUITests */ = {
			isa = PBXNativeTarget;
			buildConfigurationList = D9204E401EC4481D00FC244D /* Build configuration list for PBXNativeTarget "SaveTheKittensUITests" */;
			buildPhases = (
				D9204E2D1EC4481D00FC244D /* Sources */,
				D9204E2E1EC4481D00FC244D /* Frameworks */,
				D9204E2F1EC4481D00FC244D /* Resources */,
			);
			buildRules = (
			);
			dependencies = (
				D9204E331EC4481D00FC244D /* PBXTargetDependency */,
			);
			name = SaveTheKittensUITests;
			productName = SaveTheKittensUITests;
			productReference = D9204E311EC4481D00FC244D /* SaveTheKittensUITests.xctest */;
			productType = "com.apple.product-type.bundle.ui-testing";
		};
/* End PBXNativeTarget section */

/* Begin PBXProject section */
		D9204E0A1EC4481D00FC244D /* Project object */ = {
			isa = PBXProject;
			attributes = {
				LastSwiftUpdateCheck = 0830;
				LastUpgradeCheck = 0830;
				ORGANIZATIONNAME = "Nathan Macdonald";
				TargetAttributes = {
					D9204E111EC4481D00FC244D = {
						CreatedOnToolsVersion = 8.3.2;
						DevelopmentTeam = R2M4UD5XZK;
						ProvisioningStyle = Automatic;
					};
					D9204E251EC4481D00FC244D = {
						CreatedOnToolsVersion = 8.3.2;
						DevelopmentTeam = R2M4UD5XZK;
						ProvisioningStyle = Automatic;
						TestTargetID = D9204E111EC4481D00FC244D;
					};
					D9204E301EC4481D00FC244D = {
						CreatedOnToolsVersion = 8.3.2;
						DevelopmentTeam = R2M4UD5XZK;
						ProvisioningStyle = Automatic;
						TestTargetID = D9204E111EC4481D00FC244D;
					};
				};
			};
			buildConfigurationList = D9204E0D1EC4481D00FC244D /* Build configuration list for PBXProject "SaveTheKittens" */;
			compatibilityVersion = "Xcode 3.2";
			developmentRegion = English;
			hasScannedForEncodings = 0;
			knownRegions = (
				en,
				Base,
			);
			mainGroup = D9204E091EC4481D00FC244D;
			productRefGroup = D9204E131EC4481D00FC244D /* Products */;
			projectDirPath = "";
			projectRoot = "";
			targets = (
				D9204E111EC4481D00FC244D /* SaveTheKittens */,
				D9204E251EC4481D00FC244D /* SaveTheKittensTests */,
				D9204E301EC4481D00FC244D /* SaveTheKittensUITests */,
			);
		};
/* End PBXProject section */

/* Begin PBXResourcesBuildPhase section */
		D9204E101EC4481D00FC244D /* Resources */ = {
			isa = PBXResourcesBuildPhase;
			buildActionMask = 2147483647;
			files = (
				D9204E201EC4481D00FC244D /* LaunchScreen.storyboard in Resources */,
				D9204E1D1EC4481D00FC244D /* Assets.xcassets in Resources */,
				D9204E1B1EC4481D00FC244D /* Main.storyboard in Resources */,
			);
			runOnlyForDeploymentPostprocessing = 0;
		};
		D9204E241EC4481D00FC244D /* Resources */ = {
			isa = PBXResourcesBuildPhase;
			buildActionMask = 2147483647;
			files = (
			);
			runOnlyForDeploymentPostprocessing = 0;
		};
		D9204E2F1EC4481D00FC244D /* Resources */ = {
			isa = PBXResourcesBuildPhase;
			buildActionMask = 2147483647;
			files = (
			);
			runOnlyForDeploymentPostprocessing = 0;
		};
/* End PBXResourcesBuildPhase section */

/* Begin PBXSourcesBuildPhase section */
		D9204E0E1EC4481D00FC244D /* Sources */ = {
			isa = PBXSourcesBuildPhase;
			buildActionMask = 2147483647;
			files = (
				D9204E181EC4481D00FC244D /* ViewController.swift in Sources */,
				D9204E161EC4481D00FC244D /* AppDelegate.swift in Sources */,
			);
			runOnlyForDeploymentPostprocessing = 0;
		};
		D9204E221EC4481D00FC244D /* Sources */ = {
			isa = PBXSourcesBuildPhase;
			buildActionMask = 2147483647;
			files = (
				D9204E2B1EC4481D00FC244D /* SaveTheKittensTests.swift in Sources */,
			);
			runOnlyForDeploymentPostprocessing = 0;
		};
		D9204E2D1EC4481D00FC244D /* Sources */ = {
			isa = PBXSourcesBuildPhase;
			buildActionMask = 2147483647;
			files = (
				D9204E361EC4481D00FC244D /* SaveTheKittensUITests.swift in Sources */,
			);
			runOnlyForDeploymentPostprocessing = 0;
		};
/* End PBXSourcesBuildPhase section */

/* Begin PBXTargetDependency section */
		D9204E281EC4481D00FC244D /* PBXTargetDependency */ = {
			isa = PBXTargetDependency;
			target = D9204E111EC4481D00FC244D /* SaveTheKittens */;
			targetProxy = D9204E271EC4481D00FC244D /* PBXContainerItemProxy */;
		};
		D9204E331EC4481D00FC244D /* PBXTargetDependency */ = {
			isa = PBXTargetDependency;
			target = D9204E111EC4481D00FC244D /* SaveTheKittens */;
			targetProxy = D9204E321EC4481D00FC244D /* PBXContainerItemProxy */;
		};
/* End PBXTargetDependency section */

/* Begin PBXVariantGroup section */
		D9204E191EC4481D00FC244D /* Main.storyboard */ = {
			isa = PBXVariantGroup;
			children = (
				D9204E1A1EC4481D00FC244D /* Base */,
			);
			name = Main.storyboard;
			sourceTree = "<group>";
		};
		D9204E1E1EC4481D00FC244D /* LaunchScreen.storyboard */ = {
			isa = PBXVariantGroup;
			children = (
				D9204E1F1EC4481D00FC244D /* Base */,
			);
			name = LaunchScreen.storyboard;
			sourceTree = "<group>";
		};
/* End PBXVariantGroup section */

/* Begin XCBuildConfiguration section */
		D9204E381EC4481D00FC244D /* Debug */ = {
			isa = XCBuildConfiguration;
			buildSettings = {
				ALWAYS_SEARCH_USER_PATHS = NO;
				CLANG_ANALYZER_NONNULL = YES;
				CLANG_ANALYZER_NUMBER_OBJECT_CONVERSION = YES_AGGRESSIVE;
				CLANG_CXX_LANGUAGE_STANDARD = "gnu++0x";
				CLANG_CXX_LIBRARY = "libc++";
				CLANG_ENABLE_MODULES = YES;
				CLANG_ENABLE_OBJC_ARC = YES;
				CLANG_WARN_BOOL_CONVERSION = YES;
				CLANG_WARN_CONSTANT_CONVERSION = YES;
				CLANG_WARN_DIRECT_OBJC_ISA_USAGE = YES_ERROR;
				CLANG_WARN_DOCUMENTATION_COMMENTS = YES;
				CLANG_WARN_EMPTY_BODY = YES;
				CLANG_WARN_ENUM_CONVERSION = YES;
				CLANG_WARN_INFINITE_RECURSION = YES;
				CLANG_WARN_INT_CONVERSION = YES;
				CLANG_WARN_OBJC_ROOT_CLASS = YES_ERROR;
				CLANG_WARN_SUSPICIOUS_MOVE = YES;
				CLANG_WARN_UNREACHABLE_CODE = YES;
				CLANG_WARN__DUPLICATE_METHOD_MATCH = YES;
				"CODE_SIGN_IDENTITY[sdk=iphoneos*]" = "iPhone Developer";
				COPY_PHASE_STRIP = NO;
				DEBUG_INFORMATION_FORMAT = dwarf;
				ENABLE_STRICT_OBJC_MSGSEND = YES;
				ENABLE_TESTABILITY = YES;
				GCC_C_LANGUAGE_STANDARD = gnu99;
				GCC_DYNAMIC_NO_PIC = NO;
				GCC_NO_COMMON_BLOCKS = YES;
				GCC_OPTIMIZATION_LEVEL = 0;
				GCC_PREPROCESSOR_DEFINITIONS = (
					"DEBUG=1",
					"$(inherited)",
				);
				GCC_WARN_64_TO_32_BIT_CONVERSION = YES;
				GCC_WARN_ABOUT_RETURN_TYPE = YES_ERROR;
				GCC_WARN_UNDECLARED_SELECTOR = YES;
				GCC_WARN_UNINITIALIZED_AUTOS = YES_AGGRESSIVE;
				GCC_WARN_UNUSED_FUNCTION = YES;
				GCC_WARN_UNUSED_VARIABLE = YES;
				IPHONEOS_DEPLOYMENT_TARGET = 10.3;
				MTL_ENABLE_DEBUG_INFO = YES;
				ONLY_ACTIVE_ARCH = YES;
				SDKROOT = iphoneos;
				SWIFT_ACTIVE_COMPILATION_CONDITIONS = DEBUG;
				SWIFT_OPTIMIZATION_LEVEL = "-Onone";
				TARGETED_DEVICE_FAMILY = "1,2";
			};
			name = Debug;
		};
		D9204E391EC4481D00FC244D /* Release */ = {
			isa = XCBuildConfiguration;
			buildSettings = {
				ALWAYS_SEARCH_USER_PATHS = NO;
				CLANG_ANALYZER_NONNULL = YES;
				CLANG_ANALYZER_NUMBER_OBJECT_CONVERSION = YES_AGGRESSIVE;
				CLANG_CXX_LANGUAGE_STANDARD = "gnu++0x";
				CLANG_CXX_LIBRARY = "libc++";
				CLANG_ENABLE_MODULES = YES;
				CLANG_ENABLE_OBJC_ARC = YES;
				CLANG_WARN_BOOL_CONVERSION = YES;
				CLANG_WARN_CONSTANT_CONVERSION = YES;
				CLANG_WARN_DIRECT_OBJC_ISA_USAGE = YES_ERROR;
				CLANG_WARN_DOCUMENTATION_COMMENTS = YES;
				CLANG_WARN_EMPTY_BODY = YES;
				CLANG_WARN_ENUM_CONVERSION = YES;
				CLANG_WARN_INFINITE_RECURSION = YES;
				CLANG_WARN_INT_CONVERSION = YES;
				CLANG_WARN_OBJC_ROOT_CLASS = YES_ERROR;
				CLANG_WARN_SUSPICIOUS_MOVE = YES;
				CLANG_WARN_UNREACHABLE_CODE = YES;
				CLANG_WARN__DUPLICATE_METHOD_MATCH = YES;
				"CODE_SIGN_IDENTITY[sdk=iphoneos*]" = "iPhone Developer";
				COPY_PHASE_STRIP = NO;
				DEBUG_INFORMATION_FORMAT = "dwarf-with-dsym";
				ENABLE_NS_ASSERTIONS = NO;
				ENABLE_STRICT_OBJC_MSGSEND = YES;
				GCC_C_LANGUAGE_STANDARD = gnu99;
				GCC_NO_COMMON_BLOCKS = YES;
				GCC_WARN_64_TO_32_BIT_CONVERSION = YES;
				GCC_WARN_ABOUT_RETURN_TYPE = YES_ERROR;
				GCC_WARN_UNDECLARED_SELECTOR = YES;
				GCC_WARN_UNINITIALIZED_AUTOS = YES_AGGRESSIVE;
				GCC_WARN_UNUSED_FUNCTION = YES;
				GCC_WARN_UNUSED_VARIABLE = YES;
				IPHONEOS_DEPLOYMENT_TARGET = 10.3;
				MTL_ENABLE_DEBUG_INFO = NO;
				SDKROOT = iphoneos;
				SWIFT_OPTIMIZATION_LEVEL = "-Owholemodule";
				TARGETED_DEVICE_FAMILY = "1,2";
				VALIDATE_PRODUCT = YES;
			};
			name = Release;
		};
		D9204E3B1EC4481D00FC244D /* Debug */ = {
			isa = XCBuildConfiguration;
			buildSettings = {
				ASSETCATALOG_COMPILER_APPICON_NAME = AppIcon;
				DEVELOPMENT_TEAM = R2M4UD5XZK;
				INFOPLIST_FILE = SaveTheKittens/Info.plist;
				LD_RUNPATH_SEARCH_PATHS = "$(inherited) @executable_path/Frameworks";
				PRODUCT_BUNDLE_IDENTIFIER = com.nathan.SaveTheKittens;
				PRODUCT_NAME = "$(TARGET_NAME)";
				SWIFT_VERSION = 3.0;
			};
			name = Debug;
		};
		D9204E3C1EC4481D00FC244D /* Release */ = {
			isa = XCBuildConfiguration;
			buildSettings = {
				ASSETCATALOG_COMPILER_APPICON_NAME = AppIcon;
				DEVELOPMENT_TEAM = R2M4UD5XZK;
				INFOPLIST_FILE = SaveTheKittens/Info.plist;
				LD_RUNPATH_SEARCH_PATHS = "$(inherited) @executable_path/Frameworks";
				PRODUCT_BUNDLE_IDENTIFIER = com.nathan.SaveTheKittens;
				PRODUCT_NAME = "$(TARGET_NAME)";
				SWIFT_VERSION = 3.0;
			};
			name = Release;
		};
		D9204E3E1EC4481D00FC244D /* Debug */ = {
			isa = XCBuildConfiguration;
			buildSettings = {
				ALWAYS_EMBED_SWIFT_STANDARD_LIBRARIES = YES;
				BUNDLE_LOADER = "$(TEST_HOST)";
				DEVELOPMENT_TEAM = R2M4UD5XZK;
				INFOPLIST_FILE = SaveTheKittensTests/Info.plist;
				LD_RUNPATH_SEARCH_PATHS = "$(inherited) @executable_path/Frameworks @loader_path/Frameworks";
				PRODUCT_BUNDLE_IDENTIFIER = com.nathan.SaveTheKittensTests;
				PRODUCT_NAME = "$(TARGET_NAME)";
				SWIFT_VERSION = 3.0;
				TEST_HOST = "$(BUILT_PRODUCTS_DIR)/SaveTheKittens.app/SaveTheKittens";
			};
			name = Debug;
		};
		D9204E3F1EC4481D00FC244D /* Release */ = {
			isa = XCBuildConfiguration;
			buildSettings = {
				ALWAYS_EMBED_SWIFT_STANDARD_LIBRARIES = YES;
				BUNDLE_LOADER = "$(TEST_HOST)";
				DEVELOPMENT_TEAM = R2M4UD5XZK;
				INFOPLIST_FILE = SaveTheKittensTests/Info.plist;
				LD_RUNPATH_SEARCH_PATHS = "$(inherited) @executable_path/Frameworks @loader_path/Frameworks";
				PRODUCT_BUNDLE_IDENTIFIER = com.nathan.SaveTheKittensTests;
				PRODUCT_NAME = "$(TARGET_NAME)";
				SWIFT_VERSION = 3.0;
				TEST_HOST = "$(BUILT_PRODUCTS_DIR)/SaveTheKittens.app/SaveTheKittens";
			};
			name = Release;
		};
		D9204E411EC4481D00FC244D /* Debug */ = {
			isa = XCBuildConfiguration;
			buildSettings = {
				ALWAYS_EMBED_SWIFT_STANDARD_LIBRARIES = YES;
				DEVELOPMENT_TEAM = R2M4UD5XZK;
				INFOPLIST_FILE = SaveTheKittensUITests/Info.plist;
				LD_RUNPATH_SEARCH_PATHS = "$(inherited) @executable_path/Frameworks @loader_path/Frameworks";
				PRODUCT_BUNDLE_IDENTIFIER = com.nathan.SaveTheKittensUITests;
				PRODUCT_NAME = "$(TARGET_NAME)";
				SWIFT_VERSION = 3.0;
				TEST_TARGET_NAME = SaveTheKittens;
			};
			name = Debug;
		};
		D9204E421EC4481D00FC244D /* Release */ = {
			isa = XCBuildConfiguration;
			buildSettings = {
				ALWAYS_EMBED_SWIFT_STANDARD_LIBRARIES = YES;
				DEVELOPMENT_TEAM = R2M4UD5XZK;
				INFOPLIST_FILE = SaveTheKittensUITests/Info.plist;
				LD_RUNPATH_SEARCH_PATHS = "$(inherited) @executable_path/Frameworks @loader_path/Frameworks";
				PRODUCT_BUNDLE_IDENTIFIER = com.nathan.SaveTheKittensUITests;
				PRODUCT_NAME = "$(TARGET_NAME)";
				SWIFT_VERSION = 3.0;
				TEST_TARGET_NAME = SaveTheKittens;
			};
			name = Release;
		};
/* End XCBuildConfiguration section */

/* Begin XCConfigurationList section */
		D9204E0D1EC4481D00FC244D /* Build configuration list for PBXProject "SaveTheKittens" */ = {
			isa = XCConfigurationList;
			buildConfigurations = (
				D9204E381EC4481D00FC244D /* Debug */,
				D9204E391EC4481D00FC244D /* Release */,
			);
			defaultConfigurationIsVisible = 0;
			defaultConfigurationName = Release;
		};
		D9204E3A1EC4481D00FC244D /* Build configuration list for PBXNativeTarget "SaveTheKittens" */ = {
			isa = XCConfigurationList;
			buildConfigurations = (
				D9204E3B1EC4481D00FC244D /* Debug */,
				D9204E3C1EC4481D00FC244D /* Release */,
			);
			defaultConfigurationIsVisible = 0;
		};
		D9204E3D1EC4481D00FC244D /* Build configuration list for PBXNativeTarget "SaveTheKittensTests" */ = {
			isa = XCConfigurationList;
			buildConfigurations = (
				D9204E3E1EC4481D00FC244D /* Debug */,
				D9204E3F1EC4481D00FC244D /* Release */,
			);
			defaultConfigurationIsVisible = 0;
		};
		D9204E401EC4481D00FC244D /* Build configuration list for PBXNativeTarget "SaveTheKittensUITests" */ = {
			isa = XCConfigurationList;
			buildConfigurations = (
				D9204E411EC4481D00FC244D /* Debug */,
				D9204E421EC4481D00FC244D /* Release */,
			);
			defaultConfigurationIsVisible = 0;
		};
/* End XCConfigurationList section */
	};
	rootObject = D9204E0A1EC4481D00FC244D /* Project object */;
}
